// !$*UTF8*$!
{
	archiveVersion = 1;
	classes = {
	};
	objectVersion = 55;
	objects = {

/* Begin PBXBuildFile section */
		043D79142796C1F300C2A39D /* ARFurnitureApp.swift in Sources */ = {isa = PBXBuildFile; fileRef = 043D79132796C1F300C2A39D /* ARFurnitureApp.swift */; };
		043D79162796C1F300C2A39D /* ContentView.swift in Sources */ = {isa = PBXBuildFile; fileRef = 043D79152796C1F300C2A39D /* ContentView.swift */; };
		043D79182796C1F800C2A39D /* Assets.xcassets in Resources */ = {isa = PBXBuildFile; fileRef = 043D79172796C1F800C2A39D /* Assets.xcassets */; };
		043D791B2796C1F800C2A39D /* Preview Assets.xcassets in Resources */ = {isa = PBXBuildFile; fileRef = 043D791A2796C1F800C2A39D /* Preview Assets.xcassets */; };
		044222B52796ECE5008A4E44 /* BrowseView.swift in Sources */ = {isa = PBXBuildFile; fileRef = 044222B42796ECE5008A4E44 /* BrowseView.swift */; };
		04C4908A2796CBFB00062D46 /* slide_stylized.usdz in Resources */ = {isa = PBXBuildFile; fileRef = 04C4907D2796CBF600062D46 /* slide_stylized.usdz */; };
		04C4908B2796CBFB00062D46 /* wateringcan.usdz in Resources */ = {isa = PBXBuildFile; fileRef = 04C4907E2796CBF600062D46 /* wateringcan.usdz */; };
		04C4908C2796CBFB00062D46 /* toy_car.usdz in Resources */ = {isa = PBXBuildFile; fileRef = 04C4907F2796CBF600062D46 /* toy_car.usdz */; };
		04C4908D2796CBFB00062D46 /* toy_drummer.usdz in Resources */ = {isa = PBXBuildFile; fileRef = 04C490802796CBF700062D46 /* toy_drummer.usdz */; };
		04C4908E2796CBFB00062D46 /* fender_stratocaster.usdz in Resources */ = {isa = PBXBuildFile; fileRef = 04C490812796CBF800062D46 /* fender_stratocaster.usdz */; };
		04C4908F2796CBFB00062D46 /* flower_tulip.usdz in Resources */ = {isa = PBXBuildFile; fileRef = 04C490822796CBF800062D46 /* flower_tulip.usdz */; };
		04C490902796CBFB00062D46 /* teapot.usdz in Resources */ = {isa = PBXBuildFile; fileRef = 04C490832796CBF900062D46 /* teapot.usdz */; };
		04C490912796CBFB00062D46 /* chairs.usdz in Resources */ = {isa = PBXBuildFile; fileRef = 04C490842796CBF900062D46 /* chairs.usdz */; };
		04C490922796CBFB00062D46 /* solar_panels_stylized.usdz in Resources */ = {isa = PBXBuildFile; fileRef = 04C490852796CBF900062D46 /* solar_panels_stylized.usdz */; };
		04C490932796CBFB00062D46 /* toy_robot_vintage.usdz in Resources */ = {isa = PBXBuildFile; fileRef = 04C490862796CBFA00062D46 /* toy_robot_vintage.usdz */; };
		04C490942796CBFB00062D46 /* gramophone.usdz in Resources */ = {isa = PBXBuildFile; fileRef = 04C490872796CBFA00062D46 /* gramophone.usdz */; };
		04C490952796CBFB00062D46 /* cup_saucer_set.usdz in Resources */ = {isa = PBXBuildFile; fileRef = 04C490882796CBFA00062D46 /* cup_saucer_set.usdz */; };
		04C490962796CBFB00062D46 /* tv_retro.usdz in Resources */ = {isa = PBXBuildFile; fileRef = 04C490892796CBFB00062D46 /* tv_retro.usdz */; };
		04C490982796CD7300062D46 /* shoes.usdz in Resources */ = {isa = PBXBuildFile; fileRef = 04C490972796CD7300062D46 /* shoes.usdz */; };
		04C4909A2796D69500062D46 /* ControlView.swift in Sources */ = {isa = PBXBuildFile; fileRef = 04C490992796D69500062D46 /* ControlView.swift */; };
		04E11A2A279952090040E050 /* Model.swift in Sources */ = {isa = PBXBuildFile; fileRef = 04E11A29279952090040E050 /* Model.swift */; };
		04E11A2C27996B180040E050 /* HapticViewModel.swift in Sources */ = {isa = PBXBuildFile; fileRef = 04E11A2B27996B180040E050 /* HapticViewModel.swift */; };
		04E11A2E279982E10040E050 /* PlacementSettings.swift in Sources */ = {isa = PBXBuildFile; fileRef = 04E11A2D279982E10040E050 /* PlacementSettings.swift */; };
		04E11A302799852A0040E050 /* PlacementView.swift in Sources */ = {isa = PBXBuildFile; fileRef = 04E11A2F2799852A0040E050 /* PlacementView.swift */; };
		04E11A3327998AE40040E050 /* FocusEntity in Frameworks */ = {isa = PBXBuildFile; productRef = 04E11A3227998AE40040E050 /* FocusEntity */; };
		04E11A3527998AFE0040E050 /* CustomARView.swift in Sources */ = {isa = PBXBuildFile; fileRef = 04E11A3427998AFE0040E050 /* CustomARView.swift */; };
/* End PBXBuildFile section */

/* Begin PBXFileReference section */
		043D79102796C1F300C2A39D /* ARFurniture.app */ = {isa = PBXFileReference; explicitFileType = wrapper.application; includeInIndex = 0; path = ARFurniture.app; sourceTree = BUILT_PRODUCTS_DIR; };
		043D79132796C1F300C2A39D /* ARFurnitureApp.swift */ = {isa = PBXFileReference; lastKnownFileType = sourcecode.swift; path = ARFurnitureApp.swift; sourceTree = "<group>"; };
		043D79152796C1F300C2A39D /* ContentView.swift */ = {isa = PBXFileReference; lastKnownFileType = sourcecode.swift; path = ContentView.swift; sourceTree = "<group>"; };
		043D79172796C1F800C2A39D /* Assets.xcassets */ = {isa = PBXFileReference; lastKnownFileType = folder.assetcatalog; path = Assets.xcassets; sourceTree = "<group>"; };
		043D791A2796C1F800C2A39D /* Preview Assets.xcassets */ = {isa = PBXFileReference; lastKnownFileType = folder.assetcatalog; path = "Preview Assets.xcassets"; sourceTree = "<group>"; };
		044222B42796ECE5008A4E44 /* BrowseView.swift */ = {isa = PBXFileReference; lastKnownFileType = sourcecode.swift; path = BrowseView.swift; sourceTree = "<group>"; };
		04C4907D2796CBF600062D46 /* slide_stylized.usdz */ = {isa = PBXFileReference; lastKnownFileType = file.usdz; path = slide_stylized.usdz; sourceTree = "<group>"; };
		04C4907E2796CBF600062D46 /* wateringcan.usdz */ = {isa = PBXFileReference; lastKnownFileType = file.usdz; path = wateringcan.usdz; sourceTree = "<group>"; };
		04C4907F2796CBF600062D46 /* toy_car.usdz */ = {isa = PBXFileReference; lastKnownFileType = file.usdz; path = toy_car.usdz; sourceTree = "<group>"; };
		04C490802796CBF700062D46 /* toy_drummer.usdz */ = {isa = PBXFileReference; lastKnownFileType = file.usdz; path = toy_drummer.usdz; sourceTree = "<group>"; };
		04C490812796CBF800062D46 /* fender_stratocaster.usdz */ = {isa = PBXFileReference; lastKnownFileType = file.usdz; path = fender_stratocaster.usdz; sourceTree = "<group>"; };
		04C490822796CBF800062D46 /* flower_tulip.usdz */ = {isa = PBXFileReference; lastKnownFileType = file.usdz; path = flower_tulip.usdz; sourceTree = "<group>"; };
		04C490832796CBF900062D46 /* teapot.usdz */ = {isa = PBXFileReference; lastKnownFileType = file.usdz; path = teapot.usdz; sourceTree = "<group>"; };
		04C490842796CBF900062D46 /* chairs.usdz */ = {isa = PBXFileReference; lastKnownFileType = file.usdz; path = chairs.usdz; sourceTree = "<group>"; };
		04C490852796CBF900062D46 /* solar_panels_stylized.usdz */ = {isa = PBXFileReference; lastKnownFileType = file.usdz; path = solar_panels_stylized.usdz; sourceTree = "<group>"; };
		04C490862796CBFA00062D46 /* toy_robot_vintage.usdz */ = {isa = PBXFileReference; lastKnownFileType = file.usdz; path = toy_robot_vintage.usdz; sourceTree = "<group>"; };
		04C490872796CBFA00062D46 /* gramophone.usdz */ = {isa = PBXFileReference; lastKnownFileType = file.usdz; path = gramophone.usdz; sourceTree = "<group>"; };
		04C490882796CBFA00062D46 /* cup_saucer_set.usdz */ = {isa = PBXFileReference; lastKnownFileType = file.usdz; path = cup_saucer_set.usdz; sourceTree = "<group>"; };
		04C490892796CBFB00062D46 /* tv_retro.usdz */ = {isa = PBXFileReference; lastKnownFileType = file.usdz; path = tv_retro.usdz; sourceTree = "<group>"; };
		04C490972796CD7300062D46 /* shoes.usdz */ = {isa = PBXFileReference; lastKnownFileType = file.usdz; path = shoes.usdz; sourceTree = "<group>"; };
		04C490992796D69500062D46 /* ControlView.swift */ = {isa = PBXFileReference; lastKnownFileType = sourcecode.swift; path = ControlView.swift; sourceTree = "<group>"; };
		04E11A29279952090040E050 /* Model.swift */ = {isa = PBXFileReference; lastKnownFileType = sourcecode.swift; path = Model.swift; sourceTree = "<group>"; };
		04E11A2B27996B180040E050 /* HapticViewModel.swift */ = {isa = PBXFileReference; lastKnownFileType = sourcecode.swift; path = HapticViewModel.swift; sourceTree = "<group>"; };
		04E11A2D279982E10040E050 /* PlacementSettings.swift */ = {isa = PBXFileReference; lastKnownFileType = sourcecode.swift; path = PlacementSettings.swift; sourceTree = "<group>"; };
		04E11A2F2799852A0040E050 /* PlacementView.swift */ = {isa = PBXFileReference; lastKnownFileType = sourcecode.swift; path = PlacementView.swift; sourceTree = "<group>"; };
		04E11A3427998AFE0040E050 /* CustomARView.swift */ = {isa = PBXFileReference; lastKnownFileType = sourcecode.swift; path = CustomARView.swift; sourceTree = "<group>"; };
/* End PBXFileReference section */

/* Begin PBXFrameworksBuildPhase section */
		043D790D2796C1F300C2A39D /* Frameworks */ = {
			isa = PBXFrameworksBuildPhase;
			buildActionMask = 2147483647;
			files = (
				04E11A3327998AE40040E050 /* FocusEntity in Frameworks */,
			);
			runOnlyForDeploymentPostprocessing = 0;
		};
/* End PBXFrameworksBuildPhase section */

/* Begin PBXGroup section */
		043D79072796C1F300C2A39D = {
			isa = PBXGroup;
			children = (
				043D79122796C1F300C2A39D /* ARFurniture */,
				043D79112796C1F300C2A39D /* Products */,
			);
			sourceTree = "<group>";
		};
		043D79112796C1F300C2A39D /* Products */ = {
			isa = PBXGroup;
			children = (
				043D79102796C1F300C2A39D /* ARFurniture.app */,
			);
			name = Products;
			sourceTree = "<group>";
		};
		043D79122796C1F300C2A39D /* ARFurniture */ = {
			isa = PBXGroup;
			children = (
				04E11A29279952090040E050 /* Model.swift */,
				04E11A2B27996B180040E050 /* HapticViewModel.swift */,
				044222B42796ECE5008A4E44 /* BrowseView.swift */,
				04E11A3427998AFE0040E050 /* CustomARView.swift */,
				04E11A2F2799852A0040E050 /* PlacementView.swift */,
				04E11A2D279982E10040E050 /* PlacementSettings.swift */,
				04C490992796D69500062D46 /* ControlView.swift */,
				043D79132796C1F300C2A39D /* ARFurnitureApp.swift */,
				043D79152796C1F300C2A39D /* ContentView.swift */,
				043D79172796C1F800C2A39D /* Assets.xcassets */,
				04C4907C2796C8B100062D46 /* 3DAssets */,
				043D79192796C1F800C2A39D /* Preview Content */,
			);
			path = ARFurniture;
			sourceTree = "<group>";
		};
		043D79192796C1F800C2A39D /* Preview Content */ = {
			isa = PBXGroup;
			children = (
				043D791A2796C1F800C2A39D /* Preview Assets.xcassets */,
			);
			path = "Preview Content";
			sourceTree = "<group>";
		};
		04C4907C2796C8B100062D46 /* 3DAssets */ = {
			isa = PBXGroup;
			children = (
				04C490972796CD7300062D46 /* shoes.usdz */,
				04C490842796CBF900062D46 /* chairs.usdz */,
				04C490882796CBFA00062D46 /* cup_saucer_set.usdz */,
				04C490812796CBF800062D46 /* fender_stratocaster.usdz */,
				04C490822796CBF800062D46 /* flower_tulip.usdz */,
				04C490872796CBFA00062D46 /* gramophone.usdz */,
				04C4907D2796CBF600062D46 /* slide_stylized.usdz */,
				04C490852796CBF900062D46 /* solar_panels_stylized.usdz */,
				04C490832796CBF900062D46 /* teapot.usdz */,
				04C4907F2796CBF600062D46 /* toy_car.usdz */,
				04C490802796CBF700062D46 /* toy_drummer.usdz */,
				04C490862796CBFA00062D46 /* toy_robot_vintage.usdz */,
				04C490892796CBFB00062D46 /* tv_retro.usdz */,
				04C4907E2796CBF600062D46 /* wateringcan.usdz */,
			);
			path = 3DAssets;
			sourceTree = "<group>";
		};
/* End PBXGroup section */

/* Begin PBXNativeTarget section */
		043D790F2796C1F300C2A39D /* ARFurniture */ = {
			isa = PBXNativeTarget;
			buildConfigurationList = 043D791E2796C1F800C2A39D /* Build configuration list for PBXNativeTarget "ARFurniture" */;
			buildPhases = (
				043D790C2796C1F300C2A39D /* Sources */,
				043D790D2796C1F300C2A39D /* Frameworks */,
				043D790E2796C1F300C2A39D /* Resources */,
			);
			buildRules = (
			);
			dependencies = (
			);
			name = ARFurniture;
			packageProductDependencies = (
				04E11A3227998AE40040E050 /* FocusEntity */,
			);
			productName = ARFurniture;
			productReference = 043D79102796C1F300C2A39D /* ARFurniture.app */;
			productType = "com.apple.product-type.application";
		};
/* End PBXNativeTarget section */

/* Begin PBXProject section */
		043D79082796C1F300C2A39D /* Project object */ = {
			isa = PBXProject;
			attributes = {
				BuildIndependentTargetsInParallel = 1;
				LastSwiftUpdateCheck = 1300;
				LastUpgradeCheck = 1300;
				TargetAttributes = {
					043D790F2796C1F300C2A39D = {
						CreatedOnToolsVersion = 13.0;
					};
				};
			};
			buildConfigurationList = 043D790B2796C1F300C2A39D /* Build configuration list for PBXProject "ARFurniture" */;
			compatibilityVersion = "Xcode 13.0";
			developmentRegion = en;
			hasScannedForEncodings = 0;
			knownRegions = (
				en,
				Base,
			);
			mainGroup = 043D79072796C1F300C2A39D;
			packageReferences = (
				04E11A3127998AE40040E050 /* XCRemoteSwiftPackageReference "FocusEntity" */,
			);
			productRefGroup = 043D79112796C1F300C2A39D /* Products */;
			projectDirPath = "";
			projectRoot = "";
			targets = (
				043D790F2796C1F300C2A39D /* ARFurniture */,
			);
		};
/* End PBXProject section */

/* Begin PBXResourcesBuildPhase section */
		043D790E2796C1F300C2A39D /* Resources */ = {
			isa = PBXResourcesBuildPhase;
			buildActionMask = 2147483647;
			files = (
				04C490902796CBFB00062D46 /* teapot.usdz in Resources */,
				043D791B2796C1F800C2A39D /* Preview Assets.xcassets in Resources */,
				04C4908F2796CBFB00062D46 /* flower_tulip.usdz in Resources */,
				04C490962796CBFB00062D46 /* tv_retro.usdz in Resources */,
				04C4908E2796CBFB00062D46 /* fender_stratocaster.usdz in Resources */,
				04C4908A2796CBFB00062D46 /* slide_stylized.usdz in Resources */,
				043D79182796C1F800C2A39D /* Assets.xcassets in Resources */,
				04C4908B2796CBFB00062D46 /* wateringcan.usdz in Resources */,
				04C4908C2796CBFB00062D46 /* toy_car.usdz in Resources */,
				04C490952796CBFB00062D46 /* cup_saucer_set.usdz in Resources */,
				04C490932796CBFB00062D46 /* toy_robot_vintage.usdz in Resources */,
				04C490942796CBFB00062D46 /* gramophone.usdz in Resources */,
				04C490982796CD7300062D46 /* shoes.usdz in Resources */,
				04C490912796CBFB00062D46 /* chairs.usdz in Resources */,
				04C490922796CBFB00062D46 /* solar_panels_stylized.usdz in Resources */,
				04C4908D2796CBFB00062D46 /* toy_drummer.usdz in Resources */,
			);
			runOnlyForDeploymentPostprocessing = 0;
		};
/* End PBXResourcesBuildPhase section */

/* Begin PBXSourcesBuildPhase section */
		043D790C2796C1F300C2A39D /* Sources */ = {
			isa = PBXSourcesBuildPhase;
			buildActionMask = 2147483647;
			files = (
				04E11A2A279952090040E050 /* Model.swift in Sources */,
				04E11A2E279982E10040E050 /* PlacementSettings.swift in Sources */,
				04E11A302799852A0040E050 /* PlacementView.swift in Sources */,
				044222B52796ECE5008A4E44 /* BrowseView.swift in Sources */,
				04E11A3527998AFE0040E050 /* CustomARView.swift in Sources */,
				043D79162796C1F300C2A39D /* ContentView.swift in Sources */,
				04E11A2C27996B180040E050 /* HapticViewModel.swift in Sources */,
				04C4909A2796D69500062D46 /* ControlView.swift in Sources */,
				043D79142796C1F300C2A39D /* ARFurnitureApp.swift in Sources */,
			);
			runOnlyForDeploymentPostprocessing = 0;
		};
/* End PBXSourcesBuildPhase section */

/* Begin XCBuildConfiguration section */
		043D791C2796C1F800C2A39D /* Debug */ = {
			isa = XCBuildConfiguration;
			buildSettings = {
				ALWAYS_SEARCH_USER_PATHS = NO;
				CLANG_ANALYZER_NONNULL = YES;
				CLANG_ANALYZER_NUMBER_OBJECT_CONVERSION = YES_AGGRESSIVE;
				CLANG_CXX_LANGUAGE_STANDARD = "gnu++17";
				CLANG_CXX_LIBRARY = "libc++";
				CLANG_ENABLE_MODULES = YES;
				CLANG_ENABLE_OBJC_ARC = YES;
				CLANG_ENABLE_OBJC_WEAK = YES;
				CLANG_WARN_BLOCK_CAPTURE_AUTORELEASING = YES;
				CLANG_WARN_BOOL_CONVERSION = YES;
				CLANG_WARN_COMMA = YES;
				CLANG_WARN_CONSTANT_CONVERSION = YES;
				CLANG_WARN_DEPRECATED_OBJC_IMPLEMENTATIONS = YES;
				CLANG_WARN_DIRECT_OBJC_ISA_USAGE = YES_ERROR;
				CLANG_WARN_DOCUMENTATION_COMMENTS = YES;
				CLANG_WARN_EMPTY_BODY = YES;
				CLANG_WARN_ENUM_CONVERSION = YES;
				CLANG_WARN_INFINITE_RECURSION = YES;
				CLANG_WARN_INT_CONVERSION = YES;
				CLANG_WARN_NON_LITERAL_NULL_CONVERSION = YES;
				CLANG_WARN_OBJC_IMPLICIT_RETAIN_SELF = YES;
				CLANG_WARN_OBJC_LITERAL_CONVERSION = YES;
				CLANG_WARN_OBJC_ROOT_CLASS = YES_ERROR;
				CLANG_WARN_QUOTED_INCLUDE_IN_FRAMEWORK_HEADER = YES;
				CLANG_WARN_RANGE_LOOP_ANALYSIS = YES;
				CLANG_WARN_STRICT_PROTOTYPES = YES;
				CLANG_WARN_SUSPICIOUS_MOVE = YES;
				CLANG_WARN_UNGUARDED_AVAILABILITY = YES_AGGRESSIVE;
				CLANG_WARN_UNREACHABLE_CODE = YES;
				CLANG_WARN__DUPLICATE_METHOD_MATCH = YES;
				COPY_PHASE_STRIP = NO;
				DEBUG_INFORMATION_FORMAT = dwarf;
				ENABLE_STRICT_OBJC_MSGSEND = YES;
				ENABLE_TESTABILITY = YES;
				GCC_C_LANGUAGE_STANDARD = gnu11;
				GCC_DYNAMIC_NO_PIC = NO;
				GCC_NO_COMMON_BLOCKS = YES;
				GCC_OPTIMIZATION_LEVEL = 0;
				GCC_PREPROCESSOR_DEFINITIONS = (
					"DEBUG=1",
					"$(inherited)",
				);
				GCC_WARN_64_TO_32_BIT_CONVERSION = YES;
				GCC_WARN_ABOUT_RETURN_TYPE = YES_ERROR;
				GCC_WARN_UNDECLARED_SELECTOR = YES;
				GCC_WARN_UNINITIALIZED_AUTOS = YES_AGGRESSIVE;
				GCC_WARN_UNUSED_FUNCTION = YES;
				GCC_WARN_UNUSED_VARIABLE = YES;
				IPHONEOS_DEPLOYMENT_TARGET = 15.0;
				MTL_ENABLE_DEBUG_INFO = INCLUDE_SOURCE;
				MTL_FAST_MATH = YES;
				ONLY_ACTIVE_ARCH = YES;
				SDKROOT = iphoneos;
				SWIFT_ACTIVE_COMPILATION_CONDITIONS = DEBUG;
				SWIFT_OPTIMIZATION_LEVEL = "-Onone";
			};
			name = Debug;
		};
		043D791D2796C1F800C2A39D /* Release */ = {
			isa = XCBuildConfiguration;
			buildSettings = {
				ALWAYS_SEARCH_USER_PATHS = NO;
				CLANG_ANALYZER_NONNULL = YES;
				CLANG_ANALYZER_NUMBER_OBJECT_CONVERSION = YES_AGGRESSIVE;
				CLANG_CXX_LANGUAGE_STANDARD = "gnu++17";
				CLANG_CXX_LIBRARY = "libc++";
				CLANG_ENABLE_MODULES = YES;
				CLANG_ENABLE_OBJC_ARC = YES;
				CLANG_ENABLE_OBJC_WEAK = YES;
				CLANG_WARN_BLOCK_CAPTURE_AUTORELEASING = YES;
				CLANG_WARN_BOOL_CONVERSION = YES;
				CLANG_WARN_COMMA = YES;
				CLANG_WARN_CONSTANT_CONVERSION = YES;
				CLANG_WARN_DEPRECATED_OBJC_IMPLEMENTATIONS = YES;
				CLANG_WARN_DIRECT_OBJC_ISA_USAGE = YES_ERROR;
				CLANG_WARN_DOCUMENTATION_COMMENTS = YES;
				CLANG_WARN_EMPTY_BODY = YES;
				CLANG_WARN_ENUM_CONVERSION = YES;
				CLANG_WARN_INFINITE_RECURSION = YES;
				CLANG_WARN_INT_CONVERSION = YES;
				CLANG_WARN_NON_LITERAL_NULL_CONVERSION = YES;
				CLANG_WARN_OBJC_IMPLICIT_RETAIN_SELF = YES;
				CLANG_WARN_OBJC_LITERAL_CONVERSION = YES;
				CLANG_WARN_OBJC_ROOT_CLASS = YES_ERROR;
				CLANG_WARN_QUOTED_INCLUDE_IN_FRAMEWORK_HEADER = YES;
				CLANG_WARN_RANGE_LOOP_ANALYSIS = YES;
				CLANG_WARN_STRICT_PROTOTYPES = YES;
				CLANG_WARN_SUSPICIOUS_MOVE = YES;
				CLANG_WARN_UNGUARDED_AVAILABILITY = YES_AGGRESSIVE;
				CLANG_WARN_UNREACHABLE_CODE = YES;
				CLANG_WARN__DUPLICATE_METHOD_MATCH = YES;
				COPY_PHASE_STRIP = NO;
				DEBUG_INFORMATION_FORMAT = "dwarf-with-dsym";
				ENABLE_NS_ASSERTIONS = NO;
				ENABLE_STRICT_OBJC_MSGSEND = YES;
				GCC_C_LANGUAGE_STANDARD = gnu11;
				GCC_NO_COMMON_BLOCKS = YES;
				GCC_WARN_64_TO_32_BIT_CONVERSION = YES;
				GCC_WARN_ABOUT_RETURN_TYPE = YES_ERROR;
				GCC_WARN_UNDECLARED_SELECTOR = YES;
				GCC_WARN_UNINITIALIZED_AUTOS = YES_AGGRESSIVE;
				GCC_WARN_UNUSED_FUNCTION = YES;
				GCC_WARN_UNUSED_VARIABLE = YES;
				IPHONEOS_DEPLOYMENT_TARGET = 15.0;
				MTL_ENABLE_DEBUG_INFO = NO;
				MTL_FAST_MATH = YES;
				SDKROOT = iphoneos;
				SWIFT_COMPILATION_MODE = wholemodule;
				SWIFT_OPTIMIZATION_LEVEL = "-O";
				VALIDATE_PRODUCT = YES;
			};
			name = Release;
		};
		043D791F2796C1F800C2A39D /* Debug */ = {
			isa = XCBuildConfiguration;
			buildSettings = {
				ASSETCATALOG_COMPILER_APPICON_NAME = AppIcon;
				ASSETCATALOG_COMPILER_GLOBAL_ACCENT_COLOR_NAME = AccentColor;
				CODE_SIGN_STYLE = Automatic;
				CURRENT_PROJECT_VERSION = 1;
				DEVELOPMENT_ASSET_PATHS = "\"ARFurniture/Preview Content\"";
				DEVELOPMENT_TEAM = YHZVJQ792Q;
				ENABLE_PREVIEWS = YES;
				GENERATE_INFOPLIST_FILE = YES;
				INFOPLIST_KEY_NSCameraUsageDescription = "To use Augmented Reality, $(PRODUCT_NAME) needs access to your camera.";
				INFOPLIST_KEY_UIApplicationSceneManifest_Generation = YES;
				INFOPLIST_KEY_UIApplicationSupportsIndirectInputEvents = YES;
				INFOPLIST_KEY_UILaunchScreen_Generation = YES;
				INFOPLIST_KEY_UIRequiredDeviceCapabilities = "arkit \"\"";
				INFOPLIST_KEY_UISupportedInterfaceOrientations_iPad = "UIInterfaceOrientationPortrait UIInterfaceOrientationPortraitUpsideDown UIInterfaceOrientationLandscapeLeft UIInterfaceOrientationLandscapeRight";
				INFOPLIST_KEY_UISupportedInterfaceOrientations_iPhone = "UIInterfaceOrientationPortrait UIInterfaceOrientationLandscapeLeft UIInterfaceOrientationLandscapeRight";
				IPHONEOS_DEPLOYMENT_TARGET = 14.0;
				LD_RUNPATH_SEARCH_PATHS = (
					"$(inherited)",
					"@executable_path/Frameworks",
				);
				MARKETING_VERSION = 1.0;
				PRODUCT_BUNDLE_IDENTIFIER = com.blacenova.ARFurniture;
				PRODUCT_NAME = "$(TARGET_NAME)";
				SWIFT_EMIT_LOC_STRINGS = YES;
				SWIFT_VERSION = 5.0;
				TARGETED_DEVICE_FAMILY = "1,2";
			};
			name = Debug;
		};
		043D79202796C1F800C2A39D /* Release */ = {
			isa = XCBuildConfiguration;
			buildSettings = {
				ASSETCATALOG_COMPILER_APPICON_NAME = AppIcon;
				ASSETCATALOG_COMPILER_GLOBAL_ACCENT_COLOR_NAME = AccentColor;
				CODE_SIGN_STYLE = Automatic;
				CURRENT_PROJECT_VERSION = 1;
				DEVELOPMENT_ASSET_PATHS = "\"ARFurniture/Preview Content\"";
				DEVELOPMENT_TEAM = YHZVJQ792Q;
				ENABLE_PREVIEWS = YES;
				GENERATE_INFOPLIST_FILE = YES;
				INFOPLIST_KEY_NSCameraUsageDescription = "To use Augmented Reality, $(PRODUCT_NAME) needs access to your camera.";
				INFOPLIST_KEY_UIApplicationSceneManifest_Generation = YES;
				INFOPLIST_KEY_UIApplicationSupportsIndirectInputEvents = YES;
				INFOPLIST_KEY_UILaunchScreen_Generation = YES;
				INFOPLIST_KEY_UIRequiredDeviceCapabilities = "arkit \"\"";
				INFOPLIST_KEY_UISupportedInterfaceOrientations_iPad = "UIInterfaceOrientationPortrait UIInterfaceOrientationPortraitUpsideDown UIInterfaceOrientationLandscapeLeft UIInterfaceOrientationLandscapeRight";
				INFOPLIST_KEY_UISupportedInterfaceOrientations_iPhone = "UIInterfaceOrientationPortrait UIInterfaceOrientationLandscapeLeft UIInterfaceOrientationLandscapeRight";
				IPHONEOS_DEPLOYMENT_TARGET = 14.0;
				LD_RUNPATH_SEARCH_PATHS = (
					"$(inherited)",
					"@executable_path/Frameworks",
				);
				MARKETING_VERSION = 1.0;
				PRODUCT_BUNDLE_IDENTIFIER = com.blacenova.ARFurniture;
				PRODUCT_NAME = "$(TARGET_NAME)";
				SWIFT_EMIT_LOC_STRINGS = YES;
				SWIFT_VERSION = 5.0;
				TARGETED_DEVICE_FAMILY = "1,2";
			};
			name = Release;
		};
/* End XCBuildConfiguration section */

/* Begin XCConfigurationList section */
		043D790B2796C1F300C2A39D /* Build configuration list for PBXProject "ARFurniture" */ = {
			isa = XCConfigurationList;
			buildConfigurations = (
				043D791C2796C1F800C2A39D /* Debug */,
				043D791D2796C1F800C2A39D /* Release */,
			);
			defaultConfigurationIsVisible = 0;
			defaultConfigurationName = Release;
		};
		043D791E2796C1F800C2A39D /* Build configuration list for PBXNativeTarget "ARFurniture" */ = {
			isa = XCConfigurationList;
			buildConfigurations = (
				043D791F2796C1F800C2A39D /* Debug */,
				043D79202796C1F800C2A39D /* Release */,
			);
			defaultConfigurationIsVisible = 0;
			defaultConfigurationName = Release;
		};
/* End XCConfigurationList section */

/* Begin XCRemoteSwiftPackageReference section */
		04E11A3127998AE40040E050 /* XCRemoteSwiftPackageReference "FocusEntity" */ = {
			isa = XCRemoteSwiftPackageReference;
			repositoryURL = "https://github.com/maxxfrazer/FocusEntity";
			requirement = {
				kind = upToNextMajorVersion;
				minimumVersion = 2.0.0;
			};
		};
/* End XCRemoteSwiftPackageReference section */

/* Begin XCSwiftPackageProductDependency section */
		04E11A3227998AE40040E050 /* FocusEntity */ = {
			isa = XCSwiftPackageProductDependency;
			package = 04E11A3127998AE40040E050 /* XCRemoteSwiftPackageReference "FocusEntity" */;
			productName = FocusEntity;
		};
/* End XCSwiftPackageProductDependency section */
	};
	rootObject = 043D79082796C1F300C2A39D /* Project object */;
}
